
Microsoft Visual Studio Solution File, Format Version 12.00
# Visual Studio Version 17
VisualStudioVersion = 17.5.33516.290
MinimumVisualStudioVersion = 10.0.40219.1
Project("{FAE04EC0-301F-11D3-BF4B-00C04F79EFBC}") = "BlazorUploadFile7.Server", "BlazorUploadFile7\Server\BlazorUploadFile7.Server.csproj", "{90D102A0-76B6-40EF-976B-93202E060E0B}"
EndProject
Project("{FAE04EC0-301F-11D3-BF4B-00C04F79EFBC}") = "BlazorUploadFile7.Client", "BlazorUploadFile7\Client\BlazorUploadFile7.Client.csproj", "{83B95600-5606-4F5E-997C-B8F2A08E1977}"
EndProject
Project("{FAE04EC0-301F-11D3-BF4B-00C04F79EFBC}") = "BlazorUploadFile7.Shared", "BlazorUploadFile7\Shared\BlazorUploadFile7.Shared.csproj", "{76DD8855-52AE-4051-8855-7679B6D2E2DD}"
EndProject
Global
	GlobalSection(SolutionConfigurationPlatforms) = preSolution
		Debug|Any CPU = Debug|Any CPU
		Release|Any CPU = Release|Any CPU
	EndGlobalSection
	GlobalSection(ProjectConfigurationPlatforms) = postSolution
		{90D102A0-76B6-40EF-976B-93202E060E0B}.Debug|Any CPU.ActiveCfg = Debug|Any CPU
		{90D102A0-76B6-40EF-976B-93202E060E0B}.Debug|Any CPU.Build.0 = Debug|Any CPU
		{90D102A0-76B6-40EF-976B-93202E060E0B}.Release|Any CPU.ActiveCfg = Release|Any CPU
		{90D102A0-76B6-40EF-976B-93202E060E0B}.Release|Any CPU.Build.0 = Release|Any CPU
		{83B95600-5606-4F5E-997C-B8F2A08E1977}.Debug|Any CPU.ActiveCfg = Debug|Any CPU
		{83B95600-5606-4F5E-997C-B8F2A08E1977}.Debug|Any CPU.Build.0 = Debug|Any CPU
		{83B95600-5606-4F5E-997C-B8F2A08E1977}.Release|Any CPU.ActiveCfg = Release|Any CPU
		{83B95600-5606-4F5E-997C-B8F2A08E1977}.Release|Any CPU.Build.0 = Release|Any CPU
		{76DD8855-52AE-4051-8855-7679B6D2E2DD}.Debug|Any CPU.ActiveCfg = Debug|Any CPU
		{76DD8855-52AE-4051-8855-7679B6D2E2DD}.Debug|Any CPU.Build.0 = Debug|Any CPU
		{76DD8855-52AE-4051-8855-7679B6D2E2DD}.Release|Any CPU.ActiveCfg = Release|Any CPU
		{76DD8855-52AE-4051-8855-7679B6D2E2DD}.Release|Any CPU.Build.0 = Release|Any CPU
	EndGlobalSection
	GlobalSection(SolutionProperties) = preSolution
		HideSolutionNode = FALSE
	EndGlobalSection
	GlobalSection(ExtensibilityGlobals) = postSolution
		SolutionGuid = {01985480-7BB2-4310-B874-74C41246FE5D}
	EndGlobalSection
EndGlobal
